{
  "requires": true,
  "lockfileVersion": 1,
  "dependencies": {
    "phonegap-plugin-barcodescanner": {
      "version": "7.0.4",
      "resolved": "https://registry.npmjs.org/phonegap-plugin-barcodescanner/-/phonegap-plugin-barcodescanner-7.0.4.tgz",
      "integrity": "sha512-VZWqyAwv4luOQ9VOBJrhDJ9RuFnvRWcWFs0hPIfviRkrRsVmSjuGJ1VxUfjHpEmaq7epxnc0m0V6QmwtEqA9xg=="
    }
  }
}
